
Microsoft Visual Studio Solution File, Format Version 12.00
# Visual Studio Version 16
VisualStudioVersion = 16.0.32126.315
MinimumVisualStudioVersion = 10.0.40219.1
Project("{8BC9CEB8-8B4A-11D0-8D11-00A0C91BC942}") = "VMWarePlayerApp", "VMWarePlayerApp\VMWarePlayerApp.vcxproj", "{21A23667-386A-43A8-93B9-B76E8351BDA3}"
EndProject
Global
	GlobalSection(SolutionConfigurationPlatforms) = preSolution
		Debug|x64 = Debug|x64
		Debug|x86 = Debug|x86
		Release|x64 = Release|x64
		Release|x86 = Release|x86
	EndGlobalSection
	GlobalSection(ProjectConfigurationPlatforms) = postSolution
		{21A23667-386A-43A8-93B9-B76E8351BDA3}.Debug|x64.ActiveCfg = Debug|x64
		{21A23667-386A-43A8-93B9-B76E8351BDA3}.Debug|x64.Build.0 = Debug|x64
		{21A23667-386A-43A8-93B9-B76E8351BDA3}.Debug|x86.ActiveCfg = Debug|Win32
		{21A23667-386A-43A8-93B9-B76E8351BDA3}.Debug|x86.Build.0 = Debug|Win32
		{21A23667-386A-43A8-93B9-B76E8351BDA3}.Release|x64.ActiveCfg = Release|x64
		{21A23667-386A-43A8-93B9-B76E8351BDA3}.Release|x64.Build.0 = Release|x64
		{21A23667-386A-43A8-93B9-B76E8351BDA3}.Release|x86.ActiveCfg = Release|Win32
		{21A23667-386A-43A8-93B9-B76E8351BDA3}.Release|x86.Build.0 = Release|Win32
	EndGlobalSection
	GlobalSection(SolutionProperties) = preSolution
		HideSolutionNode = FALSE
	EndGlobalSection
	GlobalSection(ExtensibilityGlobals) = postSolution
		SolutionGuid = {A8323E8E-015E-48D1-BC77-413C86AD3EC0}
	EndGlobalSection
EndGlobal
